
Microsoft Visual Studio Solution File, Format Version 12.00
# Visual Studio Version 17
VisualStudioVersion = 17.4.33213.308
MinimumVisualStudioVersion = 10.0.40219.1
Project("{FAE04EC0-301F-11D3-BF4B-00C04F79EFBC}") = "Calculator", "Calculator\Calculator.csproj", "{1C9C3169-B515-44F1-BCAD-78DB18312588}"
EndProject
Global
	GlobalSection(SolutionConfigurationPlatforms) = preSolution
		Debug|Any CPU = Debug|Any CPU
		Release|Any CPU = Release|Any CPU
	EndGlobalSection
	GlobalSection(ProjectConfigurationPlatforms) = postSolution
		{1C9C3169-B515-44F1-BCAD-78DB18312588}.Debug|Any CPU.ActiveCfg = Debug|Any CPU
		{1C9C3169-B515-44F1-BCAD-78DB18312588}.Debug|Any CPU.Build.0 = Debug|Any CPU
		{1C9C3169-B515-44F1-BCAD-78DB18312588}.Release|Any CPU.ActiveCfg = Release|Any CPU
		{1C9C3169-B515-44F1-BCAD-78DB18312588}.Release|Any CPU.Build.0 = Release|Any CPU
	EndGlobalSection
	GlobalSection(SolutionProperties) = preSolution
		HideSolutionNode = FALSE
	EndGlobalSection
	GlobalSection(ExtensibilityGlobals) = postSolution
		SolutionGuid = {4EFFD2E1-FEFB-45E7-AED2-9FA028614925}
	EndGlobalSection
EndGlobal
